// !$*UTF8*$!
{
	archiveVersion = 1;
	classes = {
	};
	objectVersion = 46;
	objects = {

/* Begin PBXBuildFile section */
		98E052CE180F49FA000C60B7 /* TTTableViewCell.m in Sources */ = {isa = PBXBuildFile; fileRef = 98E052CD180F49FA000C60B7 /* TTTableViewCell.m */; };
		B80CD5741805CC5100BD3BD4 /* TTLocationManager.m in Sources */ = {isa = PBXBuildFile; fileRef = B80CD5731805CC5100BD3BD4 /* TTLocationManager.m */; };
		B80CD5761805CCA700BD3BD4 /* CoreLocation.framework in Frameworks */ = {isa = PBXBuildFile; fileRef = B80CD5751805CCA700BD3BD4 /* CoreLocation.framework */; };
		B80CD5781805CCBA00BD3BD4 /* MapKit.framework in Frameworks */ = {isa = PBXBuildFile; fileRef = B80CD5771805CCBA00BD3BD4 /* MapKit.framework */; };
		B80CD57A1805FA0B00BD3BD4 /* stops.json in Resources */ = {isa = PBXBuildFile; fileRef = B80CD5791805FA0B00BD3BD4 /* stops.json */; };
		B80CD58818060B8500BD3BD4 /* TTTranslucentView.m in Sources */ = {isa = PBXBuildFile; fileRef = B80CD58718060B8500BD3BD4 /* TTTranslucentView.m */; };
		B81EEC511804E74C00C3FC31 /* TTStop.m in Sources */ = {isa = PBXBuildFile; fileRef = B81EEC501804E74C00C3FC31 /* TTStop.m */; };
		B81EEC551804E76300C3FC31 /* TTMBTAObject.m in Sources */ = {isa = PBXBuildFile; fileRef = B81EEC541804E76300C3FC31 /* TTMBTAObject.m */; };
		B81EEC591804E92500C3FC31 /* NSDictionary+TT.m in Sources */ = {isa = PBXBuildFile; fileRef = B81EEC581804E92500C3FC31 /* NSDictionary+TT.m */; };
		B823472F17F7849700EAEAEE /* AFHTTPRequestOperation.m in Sources */ = {isa = PBXBuildFile; fileRef = B823470D17F7849700EAEAEE /* AFHTTPRequestOperation.m */; };
		B823473017F7849700EAEAEE /* AFHTTPRequestOperationManager.m in Sources */ = {isa = PBXBuildFile; fileRef = B823470F17F7849700EAEAEE /* AFHTTPRequestOperationManager.m */; };
		B823473117F7849700EAEAEE /* AFHTTPSessionManager.m in Sources */ = {isa = PBXBuildFile; fileRef = B823471117F7849700EAEAEE /* AFHTTPSessionManager.m */; };
		B823473217F7849700EAEAEE /* AFNetworkReachabilityManager.m in Sources */ = {isa = PBXBuildFile; fileRef = B823471417F7849700EAEAEE /* AFNetworkReachabilityManager.m */; };
		B823473317F7849700EAEAEE /* AFSecurityPolicy.m in Sources */ = {isa = PBXBuildFile; fileRef = B823471617F7849700EAEAEE /* AFSecurityPolicy.m */; };
		B823473417F7849700EAEAEE /* AFURLConnectionOperation.m in Sources */ = {isa = PBXBuildFile; fileRef = B823471817F7849700EAEAEE /* AFURLConnectionOperation.m */; };
		B823473517F7849700EAEAEE /* AFURLRequestSerialization.m in Sources */ = {isa = PBXBuildFile; fileRef = B823471A17F7849700EAEAEE /* AFURLRequestSerialization.m */; };
		B823473617F7849700EAEAEE /* AFURLResponseSerialization.m in Sources */ = {isa = PBXBuildFile; fileRef = B823471C17F7849700EAEAEE /* AFURLResponseSerialization.m */; };
		B823473717F7849700EAEAEE /* AFURLSessionManager.m in Sources */ = {isa = PBXBuildFile; fileRef = B823471E17F7849700EAEAEE /* AFURLSessionManager.m */; };
		B823473817F7849700EAEAEE /* AFNetworkActivityIndicatorManager.m in Sources */ = {isa = PBXBuildFile; fileRef = B823472117F7849700EAEAEE /* AFNetworkActivityIndicatorManager.m */; };
		B823473917F7849700EAEAEE /* UIActivityIndicatorView+AFNetworking.m in Sources */ = {isa = PBXBuildFile; fileRef = B823472317F7849700EAEAEE /* UIActivityIndicatorView+AFNetworking.m */; };
		B823473A17F7849700EAEAEE /* UIAlertView+AFNetworking.m in Sources */ = {isa = PBXBuildFile; fileRef = B823472517F7849700EAEAEE /* UIAlertView+AFNetworking.m */; };
		B823473B17F7849700EAEAEE /* UIButton+AFNetworking.m in Sources */ = {isa = PBXBuildFile; fileRef = B823472717F7849700EAEAEE /* UIButton+AFNetworking.m */; };
		B823473C17F7849700EAEAEE /* UIImageView+AFNetworking.m in Sources */ = {isa = PBXBuildFile; fileRef = B823472917F7849700EAEAEE /* UIImageView+AFNetworking.m */; };
		B823473D17F7849700EAEAEE /* UIProgressView+AFNetworking.m in Sources */ = {isa = PBXBuildFile; fileRef = B823472C17F7849700EAEAEE /* UIProgressView+AFNetworking.m */; };
		B823473E17F7849700EAEAEE /* UIWebView+AFNetworking.m in Sources */ = {isa = PBXBuildFile; fileRef = B823472E17F7849700EAEAEE /* UIWebView+AFNetworking.m */; };
		B82A07D618160FE500DD37E6 /* TTRootViewController.m in Sources */ = {isa = PBXBuildFile; fileRef = B82A07D518160FE500DD37E6 /* TTRootViewController.m */; };
		B82A07DA1816149A00DD37E6 /* TTLocationPermissionViewController.m in Sources */ = {isa = PBXBuildFile; fileRef = B82A07D91816149A00DD37E6 /* TTLocationPermissionViewController.m */; };
		B86B476A180EC01F00BF91D6 /* TTCircleTimeView.m in Sources */ = {isa = PBXBuildFile; fileRef = B86B4769180EC01F00BF91D6 /* TTCircleTimeView.m */; };
		B8845DCC180D059400DB558D /* TTTrain.m in Sources */ = {isa = PBXBuildFile; fileRef = B8845DCB180D059400DB558D /* TTTrain.m */; };
		B8845DCF180D0F6F00DB558D /* TTTimeViewController.m in Sources */ = {isa = PBXBuildFile; fileRef = B8845DCE180D0F6F00DB558D /* TTTimeViewController.m */; };
		B88A61D117B02B430087A69B /* Foundation.framework in Frameworks */ = {isa = PBXBuildFile; fileRef = B88A61D017B02B430087A69B /* Foundation.framework */; };
		B88A61D317B02B430087A69B /* CoreGraphics.framework in Frameworks */ = {isa = PBXBuildFile; fileRef = B88A61D217B02B430087A69B /* CoreGraphics.framework */; };
		B88A61D517B02B430087A69B /* UIKit.framework in Frameworks */ = {isa = PBXBuildFile; fileRef = B88A61D417B02B430087A69B /* UIKit.framework */; };
		B88A61DB17B02B430087A69B /* InfoPlist.strings in Resources */ = {isa = PBXBuildFile; fileRef = B88A61D917B02B430087A69B /* InfoPlist.strings */; };
		B88A61DD17B02B430087A69B /* main.m in Sources */ = {isa = PBXBuildFile; fileRef = B88A61DC17B02B430087A69B /* main.m */; };
		B88A61E117B02B430087A69B /* TTAppDelegate.m in Sources */ = {isa = PBXBuildFile; fileRef = B88A61E017B02B430087A69B /* TTAppDelegate.m */; };
		B88A61E417B02B430087A69B /* iPhone.storyboard in Resources */ = {isa = PBXBuildFile; fileRef = B88A61E217B02B430087A69B /* iPhone.storyboard */; };
		B88A61E917B02B430087A69B /* Images.xcassets in Resources */ = {isa = PBXBuildFile; fileRef = B88A61E817B02B430087A69B /* Images.xcassets */; };
		B88A61F017B02B430087A69B /* XCTest.framework in Frameworks */ = {isa = PBXBuildFile; fileRef = B88A61EF17B02B430087A69B /* XCTest.framework */; };
		B88A61F117B02B430087A69B /* Foundation.framework in Frameworks */ = {isa = PBXBuildFile; fileRef = B88A61D017B02B430087A69B /* Foundation.framework */; };
		B88A61F217B02B430087A69B /* UIKit.framework in Frameworks */ = {isa = PBXBuildFile; fileRef = B88A61D417B02B430087A69B /* UIKit.framework */; };
		B88A61FA17B02B430087A69B /* InfoPlist.strings in Resources */ = {isa = PBXBuildFile; fileRef = B88A61F817B02B430087A69B /* InfoPlist.strings */; };
		B88A61FC17B02B430087A69B /* TtimeTests.m in Sources */ = {isa = PBXBuildFile; fileRef = B88A61FB17B02B430087A69B /* TtimeTests.m */; };
		B8C5F231180F1A0F00A5C7F0 /* Northeastern.gpx in Resources */ = {isa = PBXBuildFile; fileRef = B8C5F230180F1A0F00A5C7F0 /* Northeastern.gpx */; };
		B8D0883B17F2594700DDF43E /* TTMBTAClient.m in Sources */ = {isa = PBXBuildFile; fileRef = B8D0883A17F2594700DDF43E /* TTMBTAClient.m */; };
		B8D0884017F25A6700DDF43E /* TTDispatch.m in Sources */ = {isa = PBXBuildFile; fileRef = B8D0883F17F25A6700DDF43E /* TTDispatch.m */; };
		B8D0884517F2610100DDF43E /* TTMBTAService.m in Sources */ = {isa = PBXBuildFile; fileRef = B8D0884417F2610100DDF43E /* TTMBTAService.m */; };
		B8E3D5F218159FD9003AA4BB /* TTTracker.m in Sources */ = {isa = PBXBuildFile; fileRef = B8E3D5F118159FD9003AA4BB /* TTTracker.m */; };
		B8E3D6001815A031003AA4BB /* libGoogleAnalyticsServices.a in Frameworks */ = {isa = PBXBuildFile; fileRef = B8E3D5FA1815A031003AA4BB /* libGoogleAnalyticsServices.a */; };
		B8E3D6021815A1DA003AA4BB /* CoreData.framework in Frameworks */ = {isa = PBXBuildFile; fileRef = B8E3D6011815A1DA003AA4BB /* CoreData.framework */; };
		B8E3D6041815A1E6003AA4BB /* SystemConfiguration.framework in Frameworks */ = {isa = PBXBuildFile; fileRef = B8E3D6031815A1E6003AA4BB /* SystemConfiguration.framework */; };
		B8E3D6061815A1EF003AA4BB /* libz.dylib in Frameworks */ = {isa = PBXBuildFile; fileRef = B8E3D6051815A1EF003AA4BB /* libz.dylib */; };
		B8E3D60C1815E8E3003AA4BB /* TTCircleView.m in Sources */ = {isa = PBXBuildFile; fileRef = B8E3D60B1815E8E3003AA4BB /* TTCircleView.m */; };
		B8E3D6121815FEE0003AA4BB /* TTTrainCell.m in Sources */ = {isa = PBXBuildFile; fileRef = B8E3D6111815FEE0003AA4BB /* TTTrainCell.m */; };
		B8E3D6161815FEFF003AA4BB /* TTTrainCollectionViewController.m in Sources */ = {isa = PBXBuildFile; fileRef = B8E3D6151815FEFF003AA4BB /* TTTrainCollectionViewController.m */; };
		B8E3D61A1816009F003AA4BB /* TTCollectionLineCell.m in Sources */ = {isa = PBXBuildFile; fileRef = B8E3D6191816009F003AA4BB /* TTCollectionLineCell.m */; };
		B8E3D61D181602C5003AA4BB /* UIColor+TT.m in Sources */ = {isa = PBXBuildFile; fileRef = B8E3D61C181602C5003AA4BB /* UIColor+TT.m */; };
		B8F71D711806238800D097AD /* TTTime.m in Sources */ = {isa = PBXBuildFile; fileRef = B8F71D701806238800D097AD /* TTTime.m */; };
		B8F71D7518062A7800D097AD /* TTTimeService.m in Sources */ = {isa = PBXBuildFile; fileRef = B8F71D7418062A7800D097AD /* TTTimeService.m */; };
/* End PBXBuildFile section */

/* Begin PBXContainerItemProxy section */
		B88A61F317B02B430087A69B /* PBXContainerItemProxy */ = {
			isa = PBXContainerItemProxy;
			containerPortal = B88A61C517B02B430087A69B /* Project object */;
			proxyType = 1;
			remoteGlobalIDString = B88A61CC17B02B430087A69B;
			remoteInfo = Ttime;
		};
/* End PBXContainerItemProxy section */

/* Begin PBXFileReference section */
		98E052CC180F49FA000C60B7 /* TTTableViewCell.h */ = {isa = PBXFileReference; fileEncoding = 4; lastKnownFileType = sourcecode.c.h; path = TTTableViewCell.h; sourceTree = "<group>"; };
		98E052CD180F49FA000C60B7 /* TTTableViewCell.m */ = {isa = PBXFileReference; fileEncoding = 4; lastKnownFileType = sourcecode.c.objc; path = TTTableViewCell.m; sourceTree = "<group>"; };
		B80CD5721805CC5100BD3BD4 /* TTLocationManager.h */ = {isa = PBXFileReference; fileEncoding = 4; lastKnownFileType = sourcecode.c.h; path = TTLocationManager.h; sourceTree = "<group>"; };
		B80CD5731805CC5100BD3BD4 /* TTLocationManager.m */ = {isa = PBXFileReference; fileEncoding = 4; lastKnownFileType = sourcecode.c.objc; path = TTLocationManager.m; sourceTree = "<group>"; };
		B80CD5751805CCA700BD3BD4 /* CoreLocation.framework */ = {isa = PBXFileReference; lastKnownFileType = wrapper.framework; name = CoreLocation.framework; path = System/Library/Frameworks/CoreLocation.framework; sourceTree = SDKROOT; };
		B80CD5771805CCBA00BD3BD4 /* MapKit.framework */ = {isa = PBXFileReference; lastKnownFileType = wrapper.framework; name = MapKit.framework; path = System/Library/Frameworks/MapKit.framework; sourceTree = SDKROOT; };
		B80CD5791805FA0B00BD3BD4 /* stops.json */ = {isa = PBXFileReference; fileEncoding = 4; lastKnownFileType = text.json; path = stops.json; sourceTree = "<group>"; };
		B80CD58618060B8500BD3BD4 /* TTTranslucentView.h */ = {isa = PBXFileReference; fileEncoding = 4; lastKnownFileType = sourcecode.c.h; path = TTTranslucentView.h; sourceTree = "<group>"; };
		B80CD58718060B8500BD3BD4 /* TTTranslucentView.m */ = {isa = PBXFileReference; fileEncoding = 4; lastKnownFileType = sourcecode.c.objc; path = TTTranslucentView.m; sourceTree = "<group>"; };
		B81EEC4F1804E74C00C3FC31 /* TTStop.h */ = {isa = PBXFileReference; fileEncoding = 4; lastKnownFileType = sourcecode.c.h; path = TTStop.h; sourceTree = "<group>"; };
		B81EEC501804E74C00C3FC31 /* TTStop.m */ = {isa = PBXFileReference; fileEncoding = 4; lastKnownFileType = sourcecode.c.objc; path = TTStop.m; sourceTree = "<group>"; };
		B81EEC531804E76300C3FC31 /* TTMBTAObject.h */ = {isa = PBXFileReference; fileEncoding = 4; lastKnownFileType = sourcecode.c.h; path = TTMBTAObject.h; sourceTree = "<group>"; };
		B81EEC541804E76300C3FC31 /* TTMBTAObject.m */ = {isa = PBXFileReference; fileEncoding = 4; lastKnownFileType = sourcecode.c.objc; path = TTMBTAObject.m; sourceTree = "<group>"; };
		B81EEC571804E92500C3FC31 /* NSDictionary+TT.h */ = {isa = PBXFileReference; fileEncoding = 4; lastKnownFileType = sourcecode.c.h; path = "NSDictionary+TT.h"; sourceTree = "<group>"; };
		B81EEC581804E92500C3FC31 /* NSDictionary+TT.m */ = {isa = PBXFileReference; fileEncoding = 4; lastKnownFileType = sourcecode.c.objc; path = "NSDictionary+TT.m"; sourceTree = "<group>"; };
		B823470C17F7849700EAEAEE /* AFHTTPRequestOperation.h */ = {isa = PBXFileReference; fileEncoding = 4; lastKnownFileType = sourcecode.c.h; path = AFHTTPRequestOperation.h; sourceTree = "<group>"; };
		B823470D17F7849700EAEAEE /* AFHTTPRequestOperation.m */ = {isa = PBXFileReference; fileEncoding = 4; lastKnownFileType = sourcecode.c.objc; path = AFHTTPRequestOperation.m; sourceTree = "<group>"; };
		B823470E17F7849700EAEAEE /* AFHTTPRequestOperationManager.h */ = {isa = PBXFileReference; fileEncoding = 4; lastKnownFileType = sourcecode.c.h; path = AFHTTPRequestOperationManager.h; sourceTree = "<group>"; };
		B823470F17F7849700EAEAEE /* AFHTTPRequestOperationManager.m */ = {isa = PBXFileReference; fileEncoding = 4; lastKnownFileType = sourcecode.c.objc; path = AFHTTPRequestOperationManager.m; sourceTree = "<group>"; };
		B823471017F7849700EAEAEE /* AFHTTPSessionManager.h */ = {isa = PBXFileReference; fileEncoding = 4; lastKnownFileType = sourcecode.c.h; path = AFHTTPSessionManager.h; sourceTree = "<group>"; };
		B823471117F7849700EAEAEE /* AFHTTPSessionManager.m */ = {isa = PBXFileReference; fileEncoding = 4; lastKnownFileType = sourcecode.c.objc; path = AFHTTPSessionManager.m; sourceTree = "<group>"; };
		B823471217F7849700EAEAEE /* AFNetworking.h */ = {isa = PBXFileReference; fileEncoding = 4; lastKnownFileType = sourcecode.c.h; path = AFNetworking.h; sourceTree = "<group>"; };
		B823471317F7849700EAEAEE /* AFNetworkReachabilityManager.h */ = {isa = PBXFileReference; fileEncoding = 4; lastKnownFileType = sourcecode.c.h; path = AFNetworkReachabilityManager.h; sourceTree = "<group>"; };
		B823471417F7849700EAEAEE /* AFNetworkReachabilityManager.m */ = {isa = PBXFileReference; fileEncoding = 4; lastKnownFileType = sourcecode.c.objc; path = AFNetworkReachabilityManager.m; sourceTree = "<group>"; };
		B823471517F7849700EAEAEE /* AFSecurityPolicy.h */ = {isa = PBXFileReference; fileEncoding = 4; lastKnownFileType = sourcecode.c.h; path = AFSecurityPolicy.h; sourceTree = "<group>"; };
		B823471617F7849700EAEAEE /* AFSecurityPolicy.m */ = {isa = PBXFileReference; fileEncoding = 4; lastKnownFileType = sourcecode.c.objc; path = AFSecurityPolicy.m; sourceTree = "<group>"; };
		B823471717F7849700EAEAEE /* AFURLConnectionOperation.h */ = {isa = PBXFileReference; fileEncoding = 4; lastKnownFileType = sourcecode.c.h; path = AFURLConnectionOperation.h; sourceTree = "<group>"; };
		B823471817F7849700EAEAEE /* AFURLConnectionOperation.m */ = {isa = PBXFileReference; fileEncoding = 4; lastKnownFileType = sourcecode.c.objc; path = AFURLConnectionOperation.m; sourceTree = "<group>"; };
		B823471917F7849700EAEAEE /* AFURLRequestSerialization.h */ = {isa = PBXFileReference; fileEncoding = 4; lastKnownFileType = sourcecode.c.h; path = AFURLRequestSerialization.h; sourceTree = "<group>"; };
		B823471A17F7849700EAEAEE /* AFURLRequestSerialization.m */ = {isa = PBXFileReference; fileEncoding = 4; lastKnownFileType = sourcecode.c.objc; path = AFURLRequestSerialization.m; sourceTree = "<group>"; };
		B823471B17F7849700EAEAEE /* AFURLResponseSerialization.h */ = {isa = PBXFileReference; fileEncoding = 4; lastKnownFileType = sourcecode.c.h; path = AFURLResponseSerialization.h; sourceTree = "<group>"; };
		B823471C17F7849700EAEAEE /* AFURLResponseSerialization.m */ = {isa = PBXFileReference; fileEncoding = 4; lastKnownFileType = sourcecode.c.objc; path = AFURLResponseSerialization.m; sourceTree = "<group>"; };
		B823471D17F7849700EAEAEE /* AFURLSessionManager.h */ = {isa = PBXFileReference; fileEncoding = 4; lastKnownFileType = sourcecode.c.h; path = AFURLSessionManager.h; sourceTree = "<group>"; };
		B823471E17F7849700EAEAEE /* AFURLSessionManager.m */ = {isa = PBXFileReference; fileEncoding = 4; lastKnownFileType = sourcecode.c.objc; path = AFURLSessionManager.m; sourceTree = "<group>"; };
		B823472017F7849700EAEAEE /* AFNetworkActivityIndicatorManager.h */ = {isa = PBXFileReference; fileEncoding = 4; lastKnownFileType = sourcecode.c.h; path = AFNetworkActivityIndicatorManager.h; sourceTree = "<group>"; };
		B823472117F7849700EAEAEE /* AFNetworkActivityIndicatorManager.m */ = {isa = PBXFileReference; fileEncoding = 4; lastKnownFileType = sourcecode.c.objc; path = AFNetworkActivityIndicatorManager.m; sourceTree = "<group>"; };
		B823472217F7849700EAEAEE /* UIActivityIndicatorView+AFNetworking.h */ = {isa = PBXFileReference; fileEncoding = 4; lastKnownFileType = sourcecode.c.h; path = "UIActivityIndicatorView+AFNetworking.h"; sourceTree = "<group>"; };
		B823472317F7849700EAEAEE /* UIActivityIndicatorView+AFNetworking.m */ = {isa = PBXFileReference; fileEncoding = 4; lastKnownFileType = sourcecode.c.objc; path = "UIActivityIndicatorView+AFNetworking.m"; sourceTree = "<group>"; };
		B823472417F7849700EAEAEE /* UIAlertView+AFNetworking.h */ = {isa = PBXFileReference; fileEncoding = 4; lastKnownFileType = sourcecode.c.h; path = "UIAlertView+AFNetworking.h"; sourceTree = "<group>"; };
		B823472517F7849700EAEAEE /* UIAlertView+AFNetworking.m */ = {isa = PBXFileReference; fileEncoding = 4; lastKnownFileType = sourcecode.c.objc; path = "UIAlertView+AFNetworking.m"; sourceTree = "<group>"; };
		B823472617F7849700EAEAEE /* UIButton+AFNetworking.h */ = {isa = PBXFileReference; fileEncoding = 4; lastKnownFileType = sourcecode.c.h; path = "UIButton+AFNetworking.h"; sourceTree = "<group>"; };
		B823472717F7849700EAEAEE /* UIButton+AFNetworking.m */ = {isa = PBXFileReference; fileEncoding = 4; lastKnownFileType = sourcecode.c.objc; path = "UIButton+AFNetworking.m"; sourceTree = "<group>"; };
		B823472817F7849700EAEAEE /* UIImageView+AFNetworking.h */ = {isa = PBXFileReference; fileEncoding = 4; lastKnownFileType = sourcecode.c.h; path = "UIImageView+AFNetworking.h"; sourceTree = "<group>"; };
		B823472917F7849700EAEAEE /* UIImageView+AFNetworking.m */ = {isa = PBXFileReference; fileEncoding = 4; lastKnownFileType = sourcecode.c.objc; path = "UIImageView+AFNetworking.m"; sourceTree = "<group>"; };
		B823472A17F7849700EAEAEE /* UIKit+AFNetworking.h */ = {isa = PBXFileReference; fileEncoding = 4; lastKnownFileType = sourcecode.c.h; path = "UIKit+AFNetworking.h"; sourceTree = "<group>"; };
		B823472B17F7849700EAEAEE /* UIProgressView+AFNetworking.h */ = {isa = PBXFileReference; fileEncoding = 4; lastKnownFileType = sourcecode.c.h; path = "UIProgressView+AFNetworking.h"; sourceTree = "<group>"; };
		B823472C17F7849700EAEAEE /* UIProgressView+AFNetworking.m */ = {isa = PBXFileReference; fileEncoding = 4; lastKnownFileType = sourcecode.c.objc; path = "UIProgressView+AFNetworking.m"; sourceTree = "<group>"; };
		B823472D17F7849700EAEAEE /* UIWebView+AFNetworking.h */ = {isa = PBXFileReference; fileEncoding = 4; lastKnownFileType = sourcecode.c.h; path = "UIWebView+AFNetworking.h"; sourceTree = "<group>"; };
		B823472E17F7849700EAEAEE /* UIWebView+AFNetworking.m */ = {isa = PBXFileReference; fileEncoding = 4; lastKnownFileType = sourcecode.c.objc; path = "UIWebView+AFNetworking.m"; sourceTree = "<group>"; };
		B82A07D418160FE500DD37E6 /* TTRootViewController.h */ = {isa = PBXFileReference; fileEncoding = 4; lastKnownFileType = sourcecode.c.h; path = TTRootViewController.h; sourceTree = "<group>"; };
		B82A07D518160FE500DD37E6 /* TTRootViewController.m */ = {isa = PBXFileReference; fileEncoding = 4; lastKnownFileType = sourcecode.c.objc; path = TTRootViewController.m; sourceTree = "<group>"; };
		B82A07D81816149A00DD37E6 /* TTLocationPermissionViewController.h */ = {isa = PBXFileReference; fileEncoding = 4; lastKnownFileType = sourcecode.c.h; path = TTLocationPermissionViewController.h; sourceTree = "<group>"; };
		B82A07D91816149A00DD37E6 /* TTLocationPermissionViewController.m */ = {isa = PBXFileReference; fileEncoding = 4; lastKnownFileType = sourcecode.c.objc; path = TTLocationPermissionViewController.m; sourceTree = "<group>"; };
		B86B4768180EC01F00BF91D6 /* TTCircleTimeView.h */ = {isa = PBXFileReference; fileEncoding = 4; lastKnownFileType = sourcecode.c.h; path = TTCircleTimeView.h; sourceTree = "<group>"; };
		B86B4769180EC01F00BF91D6 /* TTCircleTimeView.m */ = {isa = PBXFileReference; fileEncoding = 4; lastKnownFileType = sourcecode.c.objc; path = TTCircleTimeView.m; sourceTree = "<group>"; };
		B8845DCA180D059400DB558D /* TTTrain.h */ = {isa = PBXFileReference; fileEncoding = 4; lastKnownFileType = sourcecode.c.h; path = TTTrain.h; sourceTree = "<group>"; };
		B8845DCB180D059400DB558D /* TTTrain.m */ = {isa = PBXFileReference; fileEncoding = 4; lastKnownFileType = sourcecode.c.objc; path = TTTrain.m; sourceTree = "<group>"; };
		B8845DCD180D0F6F00DB558D /* TTTimeViewController.h */ = {isa = PBXFileReference; fileEncoding = 4; lastKnownFileType = sourcecode.c.h; path = TTTimeViewController.h; sourceTree = "<group>"; };
		B8845DCE180D0F6F00DB558D /* TTTimeViewController.m */ = {isa = PBXFileReference; fileEncoding = 4; lastKnownFileType = sourcecode.c.objc; path = TTTimeViewController.m; sourceTree = "<group>"; };
		B88A61CD17B02B430087A69B /* Ttime.app */ = {isa = PBXFileReference; explicitFileType = wrapper.application; includeInIndex = 0; path = Ttime.app; sourceTree = BUILT_PRODUCTS_DIR; };
		B88A61D017B02B430087A69B /* Foundation.framework */ = {isa = PBXFileReference; lastKnownFileType = wrapper.framework; name = Foundation.framework; path = System/Library/Frameworks/Foundation.framework; sourceTree = SDKROOT; };
		B88A61D217B02B430087A69B /* CoreGraphics.framework */ = {isa = PBXFileReference; lastKnownFileType = wrapper.framework; name = CoreGraphics.framework; path = System/Library/Frameworks/CoreGraphics.framework; sourceTree = SDKROOT; };
		B88A61D417B02B430087A69B /* UIKit.framework */ = {isa = PBXFileReference; lastKnownFileType = wrapper.framework; name = UIKit.framework; path = System/Library/Frameworks/UIKit.framework; sourceTree = SDKROOT; };
		B88A61D817B02B430087A69B /* Ttime-Info.plist */ = {isa = PBXFileReference; lastKnownFileType = text.plist.xml; path = "Ttime-Info.plist"; sourceTree = "<group>"; };
		B88A61DA17B02B430087A69B /* en */ = {isa = PBXFileReference; lastKnownFileType = text.plist.strings; name = en; path = en.lproj/InfoPlist.strings; sourceTree = "<group>"; };
		B88A61DC17B02B430087A69B /* main.m */ = {isa = PBXFileReference; lastKnownFileType = sourcecode.c.objc; path = main.m; sourceTree = "<group>"; };
		B88A61DE17B02B430087A69B /* Ttime-Prefix.pch */ = {isa = PBXFileReference; lastKnownFileType = sourcecode.c.h; path = "Ttime-Prefix.pch"; sourceTree = "<group>"; };
		B88A61DF17B02B430087A69B /* TTAppDelegate.h */ = {isa = PBXFileReference; lastKnownFileType = sourcecode.c.h; path = TTAppDelegate.h; sourceTree = "<group>"; };
		B88A61E017B02B430087A69B /* TTAppDelegate.m */ = {isa = PBXFileReference; lastKnownFileType = sourcecode.c.objc; path = TTAppDelegate.m; sourceTree = "<group>"; };
		B88A61E317B02B430087A69B /* Base */ = {isa = PBXFileReference; lastKnownFileType = file.storyboard; name = Base; path = Base.lproj/iPhone.storyboard; sourceTree = "<group>"; };
		B88A61E817B02B430087A69B /* Images.xcassets */ = {isa = PBXFileReference; lastKnownFileType = folder.assetcatalog; path = Images.xcassets; sourceTree = "<group>"; };
		B88A61EE17B02B430087A69B /* TtimeTests.xctest */ = {isa = PBXFileReference; explicitFileType = wrapper.cfbundle; includeInIndex = 0; path = TtimeTests.xctest; sourceTree = BUILT_PRODUCTS_DIR; };
		B88A61EF17B02B430087A69B /* XCTest.framework */ = {isa = PBXFileReference; lastKnownFileType = wrapper.framework; name = XCTest.framework; path = Library/Frameworks/XCTest.framework; sourceTree = DEVELOPER_DIR; };
		B88A61F717B02B430087A69B /* TtimeTests-Info.plist */ = {isa = PBXFileReference; lastKnownFileType = text.plist.xml; path = "TtimeTests-Info.plist"; sourceTree = "<group>"; };
		B88A61F917B02B430087A69B /* en */ = {isa = PBXFileReference; lastKnownFileType = text.plist.strings; name = en; path = en.lproj/InfoPlist.strings; sourceTree = "<group>"; };
		B88A61FB17B02B430087A69B /* TtimeTests.m */ = {isa = PBXFileReference; lastKnownFileType = sourcecode.c.objc; path = TtimeTests.m; sourceTree = "<group>"; };
		B88A621017B02CA90087A69B /* Ttime.entitlements */ = {isa = PBXFileReference; lastKnownFileType = text.xml; path = Ttime.entitlements; sourceTree = "<group>"; };
		B8C5F230180F1A0F00A5C7F0 /* Northeastern.gpx */ = {isa = PBXFileReference; fileEncoding = 4; lastKnownFileType = text.xml; path = Northeastern.gpx; sourceTree = "<group>"; };
		B8D0883917F2594700DDF43E /* TTMBTAClient.h */ = {isa = PBXFileReference; fileEncoding = 4; lastKnownFileType = sourcecode.c.h; path = TTMBTAClient.h; sourceTree = "<group>"; };
		B8D0883A17F2594700DDF43E /* TTMBTAClient.m */ = {isa = PBXFileReference; fileEncoding = 4; lastKnownFileType = sourcecode.c.objc; path = TTMBTAClient.m; sourceTree = "<group>"; };
		B8D0883C17F2595C00DDF43E /* TTConstants.h */ = {isa = PBXFileReference; lastKnownFileType = sourcecode.c.h; path = TTConstants.h; sourceTree = "<group>"; };
		B8D0883E17F25A6700DDF43E /* TTDispatch.h */ = {isa = PBXFileReference; fileEncoding = 4; lastKnownFileType = sourcecode.c.h; path = TTDispatch.h; sourceTree = "<group>"; };
		B8D0883F17F25A6700DDF43E /* TTDispatch.m */ = {isa = PBXFileReference; fileEncoding = 4; lastKnownFileType = sourcecode.c.objc; path = TTDispatch.m; sourceTree = "<group>"; };
		B8D0884317F2610100DDF43E /* TTMBTAService.h */ = {isa = PBXFileReference; fileEncoding = 4; lastKnownFileType = sourcecode.c.h; path = TTMBTAService.h; sourceTree = "<group>"; };
		B8D0884417F2610100DDF43E /* TTMBTAService.m */ = {isa = PBXFileReference; fileEncoding = 4; lastKnownFileType = sourcecode.c.objc; path = TTMBTAService.m; sourceTree = "<group>"; };
		B8E3D5F018159FD9003AA4BB /* TTTracker.h */ = {isa = PBXFileReference; fileEncoding = 4; lastKnownFileType = sourcecode.c.h; path = TTTracker.h; sourceTree = "<group>"; };
		B8E3D5F118159FD9003AA4BB /* TTTracker.m */ = {isa = PBXFileReference; fileEncoding = 4; lastKnownFileType = sourcecode.c.objc; path = TTTracker.m; sourceTree = "<group>"; };
		B8E3D5F41815A031003AA4BB /* GAI.h */ = {isa = PBXFileReference; fileEncoding = 4; lastKnownFileType = sourcecode.c.h; name = GAI.h; path = Thirdparty/GoogleAnalytics/GAI.h; sourceTree = "<group>"; };
		B8E3D5F51815A031003AA4BB /* GAIDictionaryBuilder.h */ = {isa = PBXFileReference; fileEncoding = 4; lastKnownFileType = sourcecode.c.h; name = GAIDictionaryBuilder.h; path = Thirdparty/GoogleAnalytics/GAIDictionaryBuilder.h; sourceTree = "<group>"; };
		B8E3D5F61815A031003AA4BB /* GAIFields.h */ = {isa = PBXFileReference; fileEncoding = 4; lastKnownFileType = sourcecode.c.h; name = GAIFields.h; path = Thirdparty/GoogleAnalytics/GAIFields.h; sourceTree = "<group>"; };
		B8E3D5F71815A031003AA4BB /* GAILogger.h */ = {isa = PBXFileReference; fileEncoding = 4; lastKnownFileType = sourcecode.c.h; name = GAILogger.h; path = Thirdparty/GoogleAnalytics/GAILogger.h; sourceTree = "<group>"; };
		B8E3D5F81815A031003AA4BB /* GAITrackedViewController.h */ = {isa = PBXFileReference; fileEncoding = 4; lastKnownFileType = sourcecode.c.h; name = GAITrackedViewController.h; path = Thirdparty/GoogleAnalytics/GAITrackedViewController.h; sourceTree = "<group>"; };
		B8E3D5F91815A031003AA4BB /* GAITracker.h */ = {isa = PBXFileReference; fileEncoding = 4; lastKnownFileType = sourcecode.c.h; name = GAITracker.h; path = Thirdparty/GoogleAnalytics/GAITracker.h; sourceTree = "<group>"; };
		B8E3D5FA1815A031003AA4BB /* libGoogleAnalyticsServices.a */ = {isa = PBXFileReference; lastKnownFileType = archive.ar; name = libGoogleAnalyticsServices.a; path = Thirdparty/GoogleAnalytics/libGoogleAnalyticsServices.a; sourceTree = "<group>"; };
		B8E3D5FB1815A031003AA4BB /* TAGContainer.h */ = {isa = PBXFileReference; fileEncoding = 4; lastKnownFileType = sourcecode.c.h; name = TAGContainer.h; path = Thirdparty/GoogleAnalytics/TAGContainer.h; sourceTree = "<group>"; };
		B8E3D5FC1815A031003AA4BB /* TAGContainerOpener.h */ = {isa = PBXFileReference; fileEncoding = 4; lastKnownFileType = sourcecode.c.h; name = TAGContainerOpener.h; path = Thirdparty/GoogleAnalytics/TAGContainerOpener.h; sourceTree = "<group>"; };
		B8E3D5FD1815A031003AA4BB /* TAGDataLayer.h */ = {isa = PBXFileReference; fileEncoding = 4; lastKnownFileType = sourcecode.c.h; name = TAGDataLayer.h; path = Thirdparty/GoogleAnalytics/TAGDataLayer.h; sourceTree = "<group>"; };
		B8E3D5FE1815A031003AA4BB /* TAGLogger.h */ = {isa = PBXFileReference; fileEncoding = 4; lastKnownFileType = sourcecode.c.h; name = TAGLogger.h; path = Thirdparty/GoogleAnalytics/TAGLogger.h; sourceTree = "<group>"; };
		B8E3D5FF1815A031003AA4BB /* TAGManager.h */ = {isa = PBXFileReference; fileEncoding = 4; lastKnownFileType = sourcecode.c.h; name = TAGManager.h; path = Thirdparty/GoogleAnalytics/TAGManager.h; sourceTree = "<group>"; };
		B8E3D6011815A1DA003AA4BB /* CoreData.framework */ = {isa = PBXFileReference; lastKnownFileType = wrapper.framework; name = CoreData.framework; path = System/Library/Frameworks/CoreData.framework; sourceTree = SDKROOT; };
		B8E3D6031815A1E6003AA4BB /* SystemConfiguration.framework */ = {isa = PBXFileReference; lastKnownFileType = wrapper.framework; name = SystemConfiguration.framework; path = System/Library/Frameworks/SystemConfiguration.framework; sourceTree = SDKROOT; };
		B8E3D6051815A1EF003AA4BB /* libz.dylib */ = {isa = PBXFileReference; lastKnownFileType = "compiled.mach-o.dylib"; name = libz.dylib; path = usr/lib/libz.dylib; sourceTree = SDKROOT; };
		B8E3D60A1815E8E3003AA4BB /* TTCircleView.h */ = {isa = PBXFileReference; fileEncoding = 4; lastKnownFileType = sourcecode.c.h; path = TTCircleView.h; sourceTree = "<group>"; };
		B8E3D60B1815E8E3003AA4BB /* TTCircleView.m */ = {isa = PBXFileReference; fileEncoding = 4; lastKnownFileType = sourcecode.c.objc; path = TTCircleView.m; sourceTree = "<group>"; };
		B8E3D6101815FEE0003AA4BB /* TTTrainCell.h */ = {isa = PBXFileReference; fileEncoding = 4; lastKnownFileType = sourcecode.c.h; path = TTTrainCell.h; sourceTree = "<group>"; };
		B8E3D6111815FEE0003AA4BB /* TTTrainCell.m */ = {isa = PBXFileReference; fileEncoding = 4; lastKnownFileType = sourcecode.c.objc; path = TTTrainCell.m; sourceTree = "<group>"; };
		B8E3D6141815FEFF003AA4BB /* TTTrainCollectionViewController.h */ = {isa = PBXFileReference; fileEncoding = 4; lastKnownFileType = sourcecode.c.h; path = TTTrainCollectionViewController.h; sourceTree = "<group>"; };
		B8E3D6151815FEFF003AA4BB /* TTTrainCollectionViewController.m */ = {isa = PBXFileReference; fileEncoding = 4; lastKnownFileType = sourcecode.c.objc; path = TTTrainCollectionViewController.m; sourceTree = "<group>"; };
		B8E3D6181816009F003AA4BB /* TTCollectionLineCell.h */ = {isa = PBXFileReference; fileEncoding = 4; lastKnownFileType = sourcecode.c.h; path = TTCollectionLineCell.h; sourceTree = "<group>"; };
		B8E3D6191816009F003AA4BB /* TTCollectionLineCell.m */ = {isa = PBXFileReference; fileEncoding = 4; lastKnownFileType = sourcecode.c.objc; path = TTCollectionLineCell.m; sourceTree = "<group>"; };
		B8E3D61B181602C5003AA4BB /* UIColor+TT.h */ = {isa = PBXFileReference; fileEncoding = 4; lastKnownFileType = sourcecode.c.h; path = "UIColor+TT.h"; sourceTree = "<group>"; };
		B8E3D61C181602C5003AA4BB /* UIColor+TT.m */ = {isa = PBXFileReference; fileEncoding = 4; lastKnownFileType = sourcecode.c.objc; path = "UIColor+TT.m"; sourceTree = "<group>"; };
		B8F71D6F1806238800D097AD /* TTTime.h */ = {isa = PBXFileReference; fileEncoding = 4; lastKnownFileType = sourcecode.c.h; path = TTTime.h; sourceTree = "<group>"; };
		B8F71D701806238800D097AD /* TTTime.m */ = {isa = PBXFileReference; fileEncoding = 4; lastKnownFileType = sourcecode.c.objc; path = TTTime.m; sourceTree = "<group>"; };
		B8F71D7318062A7800D097AD /* TTTimeService.h */ = {isa = PBXFileReference; fileEncoding = 4; lastKnownFileType = sourcecode.c.h; path = TTTimeService.h; sourceTree = "<group>"; };
		B8F71D7418062A7800D097AD /* TTTimeService.m */ = {isa = PBXFileReference; fileEncoding = 4; lastKnownFileType = sourcecode.c.objc; path = TTTimeService.m; sourceTree = "<group>"; };
/* End PBXFileReference section */

/* Begin PBXFrameworksBuildPhase section */
		B88A61CA17B02B430087A69B /* Frameworks */ = {
			isa = PBXFrameworksBuildPhase;
			buildActionMask = 2147483647;
			files = (
				B8E3D6061815A1EF003AA4BB /* libz.dylib in Frameworks */,
				B8E3D6041815A1E6003AA4BB /* SystemConfiguration.framework in Frameworks */,
				B8E3D6021815A1DA003AA4BB /* CoreData.framework in Frameworks */,
				B88A61D317B02B430087A69B /* CoreGraphics.framework in Frameworks */,
				B80CD5761805CCA700BD3BD4 /* CoreLocation.framework in Frameworks */,
				B80CD5781805CCBA00BD3BD4 /* MapKit.framework in Frameworks */,
				B88A61D517B02B430087A69B /* UIKit.framework in Frameworks */,
				B88A61D117B02B430087A69B /* Foundation.framework in Frameworks */,
				B8E3D6001815A031003AA4BB /* libGoogleAnalyticsServices.a in Frameworks */,
			);
			runOnlyForDeploymentPostprocessing = 0;
		};
		B88A61EB17B02B430087A69B /* Frameworks */ = {
			isa = PBXFrameworksBuildPhase;
			buildActionMask = 2147483647;
			files = (
				B88A61F017B02B430087A69B /* XCTest.framework in Frameworks */,
				B88A61F217B02B430087A69B /* UIKit.framework in Frameworks */,
				B88A61F117B02B430087A69B /* Foundation.framework in Frameworks */,
			);
			runOnlyForDeploymentPostprocessing = 0;
		};
/* End PBXFrameworksBuildPhase section */

/* Begin PBXGroup section */
		98E052CB180F49E2000C60B7 /* TTTableViewCell */ = {
			isa = PBXGroup;
			children = (
				98E052CC180F49FA000C60B7 /* TTTableViewCell.h */,
				98E052CD180F49FA000C60B7 /* TTTableViewCell.m */,
			);
			name = TTTableViewCell;
			sourceTree = "<group>";
		};
		B80CD5701805CC3200BD3BD4 /* MBTA */ = {
			isa = PBXGroup;
			children = (
				B8D0884317F2610100DDF43E /* TTMBTAService.h */,
				B8D0884417F2610100DDF43E /* TTMBTAService.m */,
			);
			name = MBTA;
			sourceTree = "<group>";
		};
		B80CD5711805CC3D00BD3BD4 /* Location */ = {
			isa = PBXGroup;
			children = (
				B80CD5721805CC5100BD3BD4 /* TTLocationManager.h */,
				B80CD5731805CC5100BD3BD4 /* TTLocationManager.m */,
			);
			name = Location;
			sourceTree = "<group>";
		};
		B80CD58518060B7200BD3BD4 /* Views */ = {
			isa = PBXGroup;
			children = (
				B8E3D6091815E8C9003AA4BB /* Circle */,
				B8E3D6081815E8B8003AA4BB /* Translucent */,
				B8E3D6071815E8A6003AA4BB /* Count Down */,
			);
			name = Views;
			sourceTree = "<group>";
		};
		B81EEC4D1804DFA400C3FC31 /* Model */ = {
			isa = PBXGroup;
			children = (
				B81EEC521804E75100C3FC31 /* Base */,
				B8845DC9180CE71800DB558D /* TTTrain */,
				B81EEC4E1804E73600C3FC31 /* TTStop */,
				B8F71D6E1806236F00D097AD /* TTTime */,
				B80CD5791805FA0B00BD3BD4 /* stops.json */,
			);
			name = Model;
			sourceTree = "<group>";
		};
		B81EEC4E1804E73600C3FC31 /* TTStop */ = {
			isa = PBXGroup;
			children = (
				B81EEC4F1804E74C00C3FC31 /* TTStop.h */,
				B81EEC501804E74C00C3FC31 /* TTStop.m */,
			);
			name = TTStop;
			sourceTree = "<group>";
		};
		B81EEC521804E75100C3FC31 /* Base */ = {
			isa = PBXGroup;
			children = (
				B81EEC531804E76300C3FC31 /* TTMBTAObject.h */,
				B81EEC541804E76300C3FC31 /* TTMBTAObject.m */,
			);
			name = Base;
			sourceTree = "<group>";
		};
		B81EEC561804E91600C3FC31 /* Categories */ = {
			isa = PBXGroup;
			children = (
				B81EEC571804E92500C3FC31 /* NSDictionary+TT.h */,
				B81EEC581804E92500C3FC31 /* NSDictionary+TT.m */,
				B8E3D61B181602C5003AA4BB /* UIColor+TT.h */,
				B8E3D61C181602C5003AA4BB /* UIColor+TT.m */,
			);
			name = Categories;
			sourceTree = "<group>";
		};
		B823470A17F7848500EAEAEE /* Thirdparty */ = {
			isa = PBXGroup;
			children = (
				B8E3D5F318159FDD003AA4BB /* Google Analytics */,
				B823470B17F7849700EAEAEE /* AFNetworking */,
				B823471F17F7849700EAEAEE /* UIKit+AFNetworking */,
			);
			name = Thirdparty;
			sourceTree = "<group>";
		};
		B823470B17F7849700EAEAEE /* AFNetworking */ = {
			isa = PBXGroup;
			children = (
				B823470C17F7849700EAEAEE /* AFHTTPRequestOperation.h */,
				B823470D17F7849700EAEAEE /* AFHTTPRequestOperation.m */,
				B823470E17F7849700EAEAEE /* AFHTTPRequestOperationManager.h */,
				B823470F17F7849700EAEAEE /* AFHTTPRequestOperationManager.m */,
				B823471017F7849700EAEAEE /* AFHTTPSessionManager.h */,
				B823471117F7849700EAEAEE /* AFHTTPSessionManager.m */,
				B823471217F7849700EAEAEE /* AFNetworking.h */,
				B823471317F7849700EAEAEE /* AFNetworkReachabilityManager.h */,
				B823471417F7849700EAEAEE /* AFNetworkReachabilityManager.m */,
				B823471517F7849700EAEAEE /* AFSecurityPolicy.h */,
				B823471617F7849700EAEAEE /* AFSecurityPolicy.m */,
				B823471717F7849700EAEAEE /* AFURLConnectionOperation.h */,
				B823471817F7849700EAEAEE /* AFURLConnectionOperation.m */,
				B823471917F7849700EAEAEE /* AFURLRequestSerialization.h */,
				B823471A17F7849700EAEAEE /* AFURLRequestSerialization.m */,
				B823471B17F7849700EAEAEE /* AFURLResponseSerialization.h */,
				B823471C17F7849700EAEAEE /* AFURLResponseSerialization.m */,
				B823471D17F7849700EAEAEE /* AFURLSessionManager.h */,
				B823471E17F7849700EAEAEE /* AFURLSessionManager.m */,
			);
			name = AFNetworking;
			path = Thirdparty/AFNetworking;
			sourceTree = "<group>";
		};
		B823471F17F7849700EAEAEE /* UIKit+AFNetworking */ = {
			isa = PBXGroup;
			children = (
				B823472017F7849700EAEAEE /* AFNetworkActivityIndicatorManager.h */,
				B823472117F7849700EAEAEE /* AFNetworkActivityIndicatorManager.m */,
				B823472217F7849700EAEAEE /* UIActivityIndicatorView+AFNetworking.h */,
				B823472317F7849700EAEAEE /* UIActivityIndicatorView+AFNetworking.m */,
				B823472417F7849700EAEAEE /* UIAlertView+AFNetworking.h */,
				B823472517F7849700EAEAEE /* UIAlertView+AFNetworking.m */,
				B823472617F7849700EAEAEE /* UIButton+AFNetworking.h */,
				B823472717F7849700EAEAEE /* UIButton+AFNetworking.m */,
				B823472817F7849700EAEAEE /* UIImageView+AFNetworking.h */,
				B823472917F7849700EAEAEE /* UIImageView+AFNetworking.m */,
				B823472A17F7849700EAEAEE /* UIKit+AFNetworking.h */,
				B823472B17F7849700EAEAEE /* UIProgressView+AFNetworking.h */,
				B823472C17F7849700EAEAEE /* UIProgressView+AFNetworking.m */,
				B823472D17F7849700EAEAEE /* UIWebView+AFNetworking.h */,
				B823472E17F7849700EAEAEE /* UIWebView+AFNetworking.m */,
			);
			name = "UIKit+AFNetworking";
			path = "Thirdparty/UIKit+AFNetworking";
			sourceTree = "<group>";
		};
		B82A07D318160FD100DD37E6 /* Root */ = {
			isa = PBXGroup;
			children = (
				B82A07D418160FE500DD37E6 /* TTRootViewController.h */,
				B82A07D518160FE500DD37E6 /* TTRootViewController.m */,
			);
			name = Root;
			sourceTree = "<group>";
		};
		B82A07D71816148A00DD37E6 /* Location Permission */ = {
			isa = PBXGroup;
			children = (
				B82A07D81816149A00DD37E6 /* TTLocationPermissionViewController.h */,
				B82A07D91816149A00DD37E6 /* TTLocationPermissionViewController.m */,
			);
			name = "Location Permission";
			sourceTree = "<group>";
		};
		B861908417F0C4E200B4060C /* Client */ = {
			isa = PBXGroup;
			children = (
				B8D0883917F2594700DDF43E /* TTMBTAClient.h */,
				B8D0883A17F2594700DDF43E /* TTMBTAClient.m */,
			);
			name = Client;
			sourceTree = "<group>";
		};
		B8845DC9180CE71800DB558D /* TTTrain */ = {
			isa = PBXGroup;
			children = (
				B8845DCA180D059400DB558D /* TTTrain.h */,
				B8845DCB180D059400DB558D /* TTTrain.m */,
			);
			name = TTTrain;
			sourceTree = "<group>";
		};
		B88A61C417B02B430087A69B = {
			isa = PBXGroup;
			children = (
				B88A61D617B02B430087A69B /* Ttime */,
				B88A61F517B02B430087A69B /* TtimeTests */,
				B88A61CF17B02B430087A69B /* Frameworks */,
				B88A61CE17B02B430087A69B /* Products */,
			);
			sourceTree = "<group>";
		};
		B88A61CE17B02B430087A69B /* Products */ = {
			isa = PBXGroup;
			children = (
				B88A61CD17B02B430087A69B /* Ttime.app */,
				B88A61EE17B02B430087A69B /* TtimeTests.xctest */,
			);
			name = Products;
			sourceTree = "<group>";
		};
		B88A61CF17B02B430087A69B /* Frameworks */ = {
			isa = PBXGroup;
			children = (
				B8E3D6051815A1EF003AA4BB /* libz.dylib */,
				B8E3D6031815A1E6003AA4BB /* SystemConfiguration.framework */,
				B8E3D6011815A1DA003AA4BB /* CoreData.framework */,
				B80CD5771805CCBA00BD3BD4 /* MapKit.framework */,
				B80CD5751805CCA700BD3BD4 /* CoreLocation.framework */,
				B88A61D017B02B430087A69B /* Foundation.framework */,
				B88A61D217B02B430087A69B /* CoreGraphics.framework */,
				B88A61D417B02B430087A69B /* UIKit.framework */,
				B88A61EF17B02B430087A69B /* XCTest.framework */,
			);
			name = Frameworks;
			sourceTree = "<group>";
		};
		B88A61D617B02B430087A69B /* Ttime */ = {
			isa = PBXGroup;
			children = (
				B88A620517B02B5D0087A69B /* Source */,
				B88A61D717B02B430087A69B /* Supporting Files */,
			);
			path = Ttime;
			sourceTree = "<group>";
		};
		B88A61D717B02B430087A69B /* Supporting Files */ = {
			isa = PBXGroup;
			children = (
				B88A620617B02B6D0087A69B /* Assets */,
				B88A621017B02CA90087A69B /* Ttime.entitlements */,
				B88A61D817B02B430087A69B /* Ttime-Info.plist */,
				B88A61D917B02B430087A69B /* InfoPlist.strings */,
				B88A61DC17B02B430087A69B /* main.m */,
				B88A61DE17B02B430087A69B /* Ttime-Prefix.pch */,
				B8C5F230180F1A0F00A5C7F0 /* Northeastern.gpx */,
			);
			name = "Supporting Files";
			sourceTree = "<group>";
		};
		B88A61F517B02B430087A69B /* TtimeTests */ = {
			isa = PBXGroup;
			children = (
				B88A61FB17B02B430087A69B /* TtimeTests.m */,
				B88A61F617B02B430087A69B /* Supporting Files */,
			);
			path = TtimeTests;
			sourceTree = "<group>";
		};
		B88A61F617B02B430087A69B /* Supporting Files */ = {
			isa = PBXGroup;
			children = (
				B88A61F717B02B430087A69B /* TtimeTests-Info.plist */,
				B88A61F817B02B430087A69B /* InfoPlist.strings */,
			);
			name = "Supporting Files";
			sourceTree = "<group>";
		};
		B88A620517B02B5D0087A69B /* Source */ = {
			isa = PBXGroup;
			children = (
				B8D0883C17F2595C00DDF43E /* TTConstants.h */,
				B88A620717B02B990087A69B /* Delegate */,
				B88A620817B02BA20087A69B /* UI */,
				B88A620C17B02BDE0087A69B /* Data */,
				B8D0884117F25B1200DDF43E /* Utilities */,
				B823470A17F7848500EAEAEE /* Thirdparty */,
			);
			name = Source;
			sourceTree = "<group>";
		};
		B88A620617B02B6D0087A69B /* Assets */ = {
			isa = PBXGroup;
			children = (
				B88A61E817B02B430087A69B /* Images.xcassets */,
			);
			name = Assets;
			sourceTree = "<group>";
		};
		B88A620717B02B990087A69B /* Delegate */ = {
			isa = PBXGroup;
			children = (
				B88A61DF17B02B430087A69B /* TTAppDelegate.h */,
				B88A61E017B02B430087A69B /* TTAppDelegate.m */,
			);
			name = Delegate;
			sourceTree = "<group>";
		};
		B88A620817B02BA20087A69B /* UI */ = {
			isa = PBXGroup;
			children = (
				98E052CB180F49E2000C60B7 /* TTTableViewCell */,
				B80CD58518060B7200BD3BD4 /* Views */,
				B88A620B17B02BCA0087A69B /* Controllers */,
				B88A620917B02BA80087A69B /* Storyboards */,
			);
			name = UI;
			sourceTree = "<group>";
		};
		B88A620917B02BA80087A69B /* Storyboards */ = {
			isa = PBXGroup;
			children = (
				B88A61E217B02B430087A69B /* iPhone.storyboard */,
			);
			name = Storyboards;
			sourceTree = "<group>";
		};
		B88A620B17B02BCA0087A69B /* Controllers */ = {
			isa = PBXGroup;
			children = (
				B82A07D318160FD100DD37E6 /* Root */,
				B82A07D71816148A00DD37E6 /* Location Permission */,
				B8E3D6131815FEE5003AA4BB /* Train Controller */,
				B8E3D60E1815FE89003AA4BB /* Main Controller */,
			);
			name = Controllers;
			sourceTree = "<group>";
		};
		B88A620C17B02BDE0087A69B /* Data */ = {
			isa = PBXGroup;
			children = (
				B81EEC4D1804DFA400C3FC31 /* Model */,
				B8D0884217F260F300DDF43E /* Services */,
			);
			name = Data;
			sourceTree = "<group>";
		};
		B8D0883D17F25A5500DDF43E /* Concurency */ = {
			isa = PBXGroup;
			children = (
				B8D0883E17F25A6700DDF43E /* TTDispatch.h */,
				B8D0883F17F25A6700DDF43E /* TTDispatch.m */,
			);
			name = Concurency;
			sourceTree = "<group>";
		};
		B8D0884117F25B1200DDF43E /* Utilities */ = {
			isa = PBXGroup;
			children = (
				B8E3D5EF18159FC7003AA4BB /* Tracker */,
				B81EEC561804E91600C3FC31 /* Categories */,
				B8D0883D17F25A5500DDF43E /* Concurency */,
				B861908417F0C4E200B4060C /* Client */,
			);
			name = Utilities;
			sourceTree = "<group>";
		};
		B8D0884217F260F300DDF43E /* Services */ = {
			isa = PBXGroup;
			children = (
				B8F71D7218062A6600D097AD /* Time Service */,
				B80CD5701805CC3200BD3BD4 /* MBTA */,
				B80CD5711805CC3D00BD3BD4 /* Location */,
			);
			name = Services;
			sourceTree = "<group>";
		};
		B8E3D5EF18159FC7003AA4BB /* Tracker */ = {
			isa = PBXGroup;
			children = (
				B8E3D5F018159FD9003AA4BB /* TTTracker.h */,
				B8E3D5F118159FD9003AA4BB /* TTTracker.m */,
			);
			name = Tracker;
			sourceTree = "<group>";
		};
		B8E3D5F318159FDD003AA4BB /* Google Analytics */ = {
			isa = PBXGroup;
			children = (
				B8E3D5F41815A031003AA4BB /* GAI.h */,
				B8E3D5F51815A031003AA4BB /* GAIDictionaryBuilder.h */,
				B8E3D5F61815A031003AA4BB /* GAIFields.h */,
				B8E3D5F71815A031003AA4BB /* GAILogger.h */,
				B8E3D5F81815A031003AA4BB /* GAITrackedViewController.h */,
				B8E3D5F91815A031003AA4BB /* GAITracker.h */,
				B8E3D5FA1815A031003AA4BB /* libGoogleAnalyticsServices.a */,
				B8E3D5FB1815A031003AA4BB /* TAGContainer.h */,
				B8E3D5FC1815A031003AA4BB /* TAGContainerOpener.h */,
				B8E3D5FD1815A031003AA4BB /* TAGDataLayer.h */,
				B8E3D5FE1815A031003AA4BB /* TAGLogger.h */,
				B8E3D5FF1815A031003AA4BB /* TAGManager.h */,
			);
			name = "Google Analytics";
			sourceTree = "<group>";
		};
		B8E3D6071815E8A6003AA4BB /* Count Down */ = {
			isa = PBXGroup;
			children = (
				B86B4768180EC01F00BF91D6 /* TTCircleTimeView.h */,
				B86B4769180EC01F00BF91D6 /* TTCircleTimeView.m */,
			);
			name = "Count Down";
			sourceTree = "<group>";
		};
		B8E3D6081815E8B8003AA4BB /* Translucent */ = {
			isa = PBXGroup;
			children = (
				B80CD58618060B8500BD3BD4 /* TTTranslucentView.h */,
				B80CD58718060B8500BD3BD4 /* TTTranslucentView.m */,
			);
			name = Translucent;
			sourceTree = "<group>";
		};
		B8E3D6091815E8C9003AA4BB /* Circle */ = {
			isa = PBXGroup;
			children = (
				B8E3D60A1815E8E3003AA4BB /* TTCircleView.h */,
				B8E3D60B1815E8E3003AA4BB /* TTCircleView.m */,
			);
			name = Circle;
			sourceTree = "<group>";
		};
		B8E3D60E1815FE89003AA4BB /* Main Controller */ = {
			isa = PBXGroup;
			children = (
				B8E3D60F1815FEA7003AA4BB /* Cells */,
				B8845DCD180D0F6F00DB558D /* TTTimeViewController.h */,
				B8845DCE180D0F6F00DB558D /* TTTimeViewController.m */,
			);
			name = "Main Controller";
			sourceTree = "<group>";
		};
		B8E3D60F1815FEA7003AA4BB /* Cells */ = {
			isa = PBXGroup;
			children = (
				B8E3D6101815FEE0003AA4BB /* TTTrainCell.h */,
				B8E3D6111815FEE0003AA4BB /* TTTrainCell.m */,
			);
			name = Cells;
			sourceTree = "<group>";
		};
		B8E3D6131815FEE5003AA4BB /* Train Controller */ = {
			isa = PBXGroup;
			children = (
				B8E3D6141815FEFF003AA4BB /* TTTrainCollectionViewController.h */,
				B8E3D6151815FEFF003AA4BB /* TTTrainCollectionViewController.m */,
				B8E3D61718160089003AA4BB /* Cells */,
			);
			name = "Train Controller";
			sourceTree = "<group>";
		};
		B8E3D61718160089003AA4BB /* Cells */ = {
			isa = PBXGroup;
			children = (
				B8E3D6181816009F003AA4BB /* TTCollectionLineCell.h */,
				B8E3D6191816009F003AA4BB /* TTCollectionLineCell.m */,
			);
			name = Cells;
			sourceTree = "<group>";
		};
		B8F71D6E1806236F00D097AD /* TTTime */ = {
			isa = PBXGroup;
			children = (
				B8F71D6F1806238800D097AD /* TTTime.h */,
				B8F71D701806238800D097AD /* TTTime.m */,
			);
			name = TTTime;
			sourceTree = "<group>";
		};
		B8F71D7218062A6600D097AD /* Time Service */ = {
			isa = PBXGroup;
			children = (
				B8F71D7318062A7800D097AD /* TTTimeService.h */,
				B8F71D7418062A7800D097AD /* TTTimeService.m */,
			);
			name = "Time Service";
			sourceTree = "<group>";
		};
/* End PBXGroup section */

/* Begin PBXNativeTarget section */
		B88A61CC17B02B430087A69B /* Ttime */ = {
			isa = PBXNativeTarget;
			buildConfigurationList = B88A61FF17B02B430087A69B /* Build configuration list for PBXNativeTarget "Ttime" */;
			buildPhases = (
				B88A61C917B02B430087A69B /* Sources */,
				B88A61CA17B02B430087A69B /* Frameworks */,
				B88A61CB17B02B430087A69B /* Resources */,
			);
			buildRules = (
			);
			dependencies = (
			);
			name = Ttime;
			productName = Ttime;
			productReference = B88A61CD17B02B430087A69B /* Ttime.app */;
			productType = "com.apple.product-type.application";
		};
		B88A61ED17B02B430087A69B /* TtimeTests */ = {
			isa = PBXNativeTarget;
			buildConfigurationList = B88A620217B02B430087A69B /* Build configuration list for PBXNativeTarget "TtimeTests" */;
			buildPhases = (
				B88A61EA17B02B430087A69B /* Sources */,
				B88A61EB17B02B430087A69B /* Frameworks */,
				B88A61EC17B02B430087A69B /* Resources */,
			);
			buildRules = (
			);
			dependencies = (
				B88A61F417B02B430087A69B /* PBXTargetDependency */,
			);
			name = TtimeTests;
			productName = TtimeTests;
			productReference = B88A61EE17B02B430087A69B /* TtimeTests.xctest */;
			productType = "com.apple.product-type.bundle.unit-test";
		};
/* End PBXNativeTarget section */

/* Begin PBXProject section */
		B88A61C517B02B430087A69B /* Project object */ = {
			isa = PBXProject;
			attributes = {
				CLASSPREFIX = TT;
				LastUpgradeCheck = 0500;
				ORGANIZATIONNAME = "Andrew Barba";
				TargetAttributes = {
					B88A61CC17B02B430087A69B = {
						DevelopmentTeam = EVJS956X67;
						SystemCapabilities = {
							com.apple.BackgroundModes = {
								enabled = 1;
							};
							com.apple.iCloud = {
								enabled = 0;
							};
							com.apple.iOS = {
								enabled = 1;
							};
						};
					};
					B88A61ED17B02B430087A69B = {
						TestTargetID = B88A61CC17B02B430087A69B;
					};
				};
			};
			buildConfigurationList = B88A61C817B02B430087A69B /* Build configuration list for PBXProject "Ttime" */;
			compatibilityVersion = "Xcode 3.2";
			developmentRegion = English;
			hasScannedForEncodings = 0;
			knownRegions = (
				en,
				Base,
			);
			mainGroup = B88A61C417B02B430087A69B;
			productRefGroup = B88A61CE17B02B430087A69B /* Products */;
			projectDirPath = "";
			projectRoot = "";
			targets = (
				B88A61CC17B02B430087A69B /* Ttime */,
				B88A61ED17B02B430087A69B /* TtimeTests */,
			);
		};
/* End PBXProject section */

/* Begin PBXResourcesBuildPhase section */
		B88A61CB17B02B430087A69B /* Resources */ = {
			isa = PBXResourcesBuildPhase;
			buildActionMask = 2147483647;
			files = (
				B88A61E917B02B430087A69B /* Images.xcassets in Resources */,
				B88A61DB17B02B430087A69B /* InfoPlist.strings in Resources */,
				B88A61E417B02B430087A69B /* iPhone.storyboard in Resources */,
				B80CD57A1805FA0B00BD3BD4 /* stops.json in Resources */,
				B8C5F231180F1A0F00A5C7F0 /* Northeastern.gpx in Resources */,
			);
			runOnlyForDeploymentPostprocessing = 0;
		};
		B88A61EC17B02B430087A69B /* Resources */ = {
			isa = PBXResourcesBuildPhase;
			buildActionMask = 2147483647;
			files = (
				B88A61FA17B02B430087A69B /* InfoPlist.strings in Resources */,
			);
			runOnlyForDeploymentPostprocessing = 0;
		};
/* End PBXResourcesBuildPhase section */

/* Begin PBXSourcesBuildPhase section */
		B88A61C917B02B430087A69B /* Sources */ = {
			isa = PBXSourcesBuildPhase;
			buildActionMask = 2147483647;
			files = (
				B80CD58818060B8500BD3BD4 /* TTTranslucentView.m in Sources */,
				B823473717F7849700EAEAEE /* AFURLSessionManager.m in Sources */,
				B8E3D61A1816009F003AA4BB /* TTCollectionLineCell.m in Sources */,
				B8F71D7518062A7800D097AD /* TTTimeService.m in Sources */,
				B8E3D5F218159FD9003AA4BB /* TTTracker.m in Sources */,
				B81EEC511804E74C00C3FC31 /* TTStop.m in Sources */,
				B8E3D6121815FEE0003AA4BB /* TTTrainCell.m in Sources */,
				B8E3D60C1815E8E3003AA4BB /* TTCircleView.m in Sources */,
				B80CD5741805CC5100BD3BD4 /* TTLocationManager.m in Sources */,
				B8D0883B17F2594700DDF43E /* TTMBTAClient.m in Sources */,
				B8845DCC180D059400DB558D /* TTTrain.m in Sources */,
				B88A61E117B02B430087A69B /* TTAppDelegate.m in Sources */,
				B8F71D711806238800D097AD /* TTTime.m in Sources */,
				B81EEC591804E92500C3FC31 /* NSDictionary+TT.m in Sources */,
				B823473217F7849700EAEAEE /* AFNetworkReachabilityManager.m in Sources */,
				B823473817F7849700EAEAEE /* AFNetworkActivityIndicatorManager.m in Sources */,
				B82A07DA1816149A00DD37E6 /* TTLocationPermissionViewController.m in Sources */,
				B88A61DD17B02B430087A69B /* main.m in Sources */,
				B823473417F7849700EAEAEE /* AFURLConnectionOperation.m in Sources */,
				B823473D17F7849700EAEAEE /* UIProgressView+AFNetworking.m in Sources */,
				B823473117F7849700EAEAEE /* AFHTTPSessionManager.m in Sources */,
				B86B476A180EC01F00BF91D6 /* TTCircleTimeView.m in Sources */,
				B82A07D618160FE500DD37E6 /* TTRootViewController.m in Sources */,
				B823473517F7849700EAEAEE /* AFURLRequestSerialization.m in Sources */,
				B8D0884017F25A6700DDF43E /* TTDispatch.m in Sources */,
				B81EEC551804E76300C3FC31 /* TTMBTAObject.m in Sources */,
				B823473B17F7849700EAEAEE /* UIButton+AFNetworking.m in Sources */,
				B8E3D6161815FEFF003AA4BB /* TTTrainCollectionViewController.m in Sources */,
				B823473C17F7849700EAEAEE /* UIImageView+AFNetworking.m in Sources */,
				B8D0884517F2610100DDF43E /* TTMBTAService.m in Sources */,
				B823473A17F7849700EAEAEE /* UIAlertView+AFNetworking.m in Sources */,
				B8E3D61D181602C5003AA4BB /* UIColor+TT.m in Sources */,
				B8845DCF180D0F6F00DB558D /* TTTimeViewController.m in Sources */,
				98E052CE180F49FA000C60B7 /* TTTableViewCell.m in Sources */,
				B823473E17F7849700EAEAEE /* UIWebView+AFNetworking.m in Sources */,
				B823473917F7849700EAEAEE /* UIActivityIndicatorView+AFNetworking.m in Sources */,
				B823473017F7849700EAEAEE /* AFHTTPRequestOperationManager.m in Sources */,
				B823473317F7849700EAEAEE /* AFSecurityPolicy.m in Sources */,
				B823473617F7849700EAEAEE /* AFURLResponseSerialization.m in Sources */,
				B823472F17F7849700EAEAEE /* AFHTTPRequestOperation.m in Sources */,
			);
			runOnlyForDeploymentPostprocessing = 0;
		};
		B88A61EA17B02B430087A69B /* Sources */ = {
			isa = PBXSourcesBuildPhase;
			buildActionMask = 2147483647;
			files = (
				B88A61FC17B02B430087A69B /* TtimeTests.m in Sources */,
			);
			runOnlyForDeploymentPostprocessing = 0;
		};
/* End PBXSourcesBuildPhase section */

/* Begin PBXTargetDependency section */
		B88A61F417B02B430087A69B /* PBXTargetDependency */ = {
			isa = PBXTargetDependency;
			target = B88A61CC17B02B430087A69B /* Ttime */;
			targetProxy = B88A61F317B02B430087A69B /* PBXContainerItemProxy */;
		};
/* End PBXTargetDependency section */

/* Begin PBXVariantGroup section */
		B88A61D917B02B430087A69B /* InfoPlist.strings */ = {
			isa = PBXVariantGroup;
			children = (
				B88A61DA17B02B430087A69B /* en */,
			);
			name = InfoPlist.strings;
			sourceTree = "<group>";
		};
		B88A61E217B02B430087A69B /* iPhone.storyboard */ = {
			isa = PBXVariantGroup;
			children = (
				B88A61E317B02B430087A69B /* Base */,
			);
			name = iPhone.storyboard;
			sourceTree = "<group>";
		};
		B88A61F817B02B430087A69B /* InfoPlist.strings */ = {
			isa = PBXVariantGroup;
			children = (
				B88A61F917B02B430087A69B /* en */,
			);
			name = InfoPlist.strings;
			sourceTree = "<group>";
		};
/* End PBXVariantGroup section */

/* Begin XCBuildConfiguration section */
		B88A61FD17B02B430087A69B /* Debug */ = {
			isa = XCBuildConfiguration;
			buildSettings = {
				ALWAYS_SEARCH_USER_PATHS = NO;
				CLANG_CXX_LANGUAGE_STANDARD = "gnu++0x";
				CLANG_CXX_LIBRARY = "libc++";
				CLANG_ENABLE_MODULES = YES;
				CLANG_ENABLE_OBJC_ARC = YES;
				CLANG_WARN_BOOL_CONVERSION = YES;
				CLANG_WARN_CONSTANT_CONVERSION = YES;
				CLANG_WARN_DIRECT_OBJC_ISA_USAGE = YES_ERROR;
				CLANG_WARN_EMPTY_BODY = YES;
				CLANG_WARN_ENUM_CONVERSION = YES;
				CLANG_WARN_INT_CONVERSION = YES;
				CLANG_WARN_OBJC_ROOT_CLASS = YES_ERROR;
				CLANG_WARN__DUPLICATE_METHOD_MATCH = YES;
				"CODE_SIGN_IDENTITY[sdk=iphoneos*]" = "iPhone Developer";
				COPY_PHASE_STRIP = NO;
				GCC_C_LANGUAGE_STANDARD = gnu99;
				GCC_DYNAMIC_NO_PIC = NO;
				GCC_OPTIMIZATION_LEVEL = 0;
				GCC_PREPROCESSOR_DEFINITIONS = (
					"DEBUG=1",
					"$(inherited)",
				);
				GCC_SYMBOLS_PRIVATE_EXTERN = NO;
				GCC_WARN_ABOUT_RETURN_TYPE = YES_ERROR;
				GCC_WARN_UNDECLARED_SELECTOR = YES;
				GCC_WARN_UNINITIALIZED_AUTOS = YES;
				GCC_WARN_UNUSED_FUNCTION = YES;
				GCC_WARN_UNUSED_VARIABLE = YES;
				IPHONEOS_DEPLOYMENT_TARGET = 7.0;
				ONLY_ACTIVE_ARCH = YES;
				SDKROOT = iphoneos;
			};
			name = Debug;
		};
		B88A61FE17B02B430087A69B /* Release */ = {
			isa = XCBuildConfiguration;
			buildSettings = {
				ALWAYS_SEARCH_USER_PATHS = NO;
				CLANG_CXX_LANGUAGE_STANDARD = "gnu++0x";
				CLANG_CXX_LIBRARY = "libc++";
				CLANG_ENABLE_MODULES = YES;
				CLANG_ENABLE_OBJC_ARC = YES;
				CLANG_WARN_BOOL_CONVERSION = YES;
				CLANG_WARN_CONSTANT_CONVERSION = YES;
				CLANG_WARN_DIRECT_OBJC_ISA_USAGE = YES_ERROR;
				CLANG_WARN_EMPTY_BODY = YES;
				CLANG_WARN_ENUM_CONVERSION = YES;
				CLANG_WARN_INT_CONVERSION = YES;
				CLANG_WARN_OBJC_ROOT_CLASS = YES_ERROR;
				CLANG_WARN__DUPLICATE_METHOD_MATCH = YES;
				"CODE_SIGN_IDENTITY[sdk=iphoneos*]" = "iPhone Developer";
				COPY_PHASE_STRIP = YES;
				ENABLE_NS_ASSERTIONS = NO;
				GCC_C_LANGUAGE_STANDARD = gnu99;
				GCC_WARN_ABOUT_RETURN_TYPE = YES_ERROR;
				GCC_WARN_UNDECLARED_SELECTOR = YES;
				GCC_WARN_UNINITIALIZED_AUTOS = YES;
				GCC_WARN_UNUSED_FUNCTION = YES;
				GCC_WARN_UNUSED_VARIABLE = YES;
				IPHONEOS_DEPLOYMENT_TARGET = 7.0;
				SDKROOT = iphoneos;
				VALIDATE_PRODUCT = YES;
			};
			name = Release;
		};
		B88A620017B02B430087A69B /* Debug */ = {
			isa = XCBuildConfiguration;
			buildSettings = {
				ARCHS = "$(ARCHS_STANDARD)";
				ASSETCATALOG_COMPILER_APPICON_NAME = AppIcon;
				ASSETCATALOG_COMPILER_LAUNCHIMAGE_NAME = LaunchImage;
				CODE_SIGN_IDENTITY = "iPhone Developer";
				"CODE_SIGN_IDENTITY[sdk=iphoneos*]" = "iPhone Developer";
				GCC_PRECOMPILE_PREFIX_HEADER = YES;
				GCC_PREFIX_HEADER = "Ttime/Ttime-Prefix.pch";
				INFOPLIST_FILE = "Ttime/Ttime-Info.plist";
				IPHONEOS_DEPLOYMENT_TARGET = 7.0;
				LIBRARY_SEARCH_PATHS = (
					"$(inherited)",
					"${SRCROOT}/Ttime/Thirdparty/GoogleAnalytics",
				);
				PRODUCT_NAME = "$(TARGET_NAME)";
				PROVISIONING_PROFILE = "";
				WRAPPER_EXTENSION = app;
			};
			name = Debug;
		};
		B88A620117B02B430087A69B /* Release */ = {
			isa = XCBuildConfiguration;
			buildSettings = {
				ARCHS = "$(ARCHS_STANDARD)";
				ASSETCATALOG_COMPILER_APPICON_NAME = AppIcon;
				ASSETCATALOG_COMPILER_LAUNCHIMAGE_NAME = LaunchImage;
				CODE_SIGN_IDENTITY = "iPhone Developer";
				"CODE_SIGN_IDENTITY[sdk=iphoneos*]" = "iPhone Developer";
				GCC_PRECOMPILE_PREFIX_HEADER = YES;
				GCC_PREFIX_HEADER = "Ttime/Ttime-Prefix.pch";
				INFOPLIST_FILE = "Ttime/Ttime-Info.plist";
				IPHONEOS_DEPLOYMENT_TARGET = 7.0;
				LIBRARY_SEARCH_PATHS = (
					"$(inherited)",
					"${SRCROOT}/Ttime/Thirdparty/GoogleAnalytics",
				);
				PRODUCT_NAME = "$(TARGET_NAME)";
				PROVISIONING_PROFILE = "";
				WRAPPER_EXTENSION = app;
			};
			name = Release;
		};
		B88A620317B02B430087A69B /* Debug */ = {
			isa = XCBuildConfiguration;
			buildSettings = {
				BUNDLE_LOADER = "$(BUILT_PRODUCTS_DIR)/Ttime.app/Ttime";
				FRAMEWORK_SEARCH_PATHS = (
					"$(SDKROOT)/Developer/Library/Frameworks",
					"$(inherited)",
					"$(DEVELOPER_FRAMEWORKS_DIR)",
				);
				GCC_PRECOMPILE_PREFIX_HEADER = YES;
				GCC_PREFIX_HEADER = "Ttime/Ttime-Prefix.pch";
				GCC_PREPROCESSOR_DEFINITIONS = (
					"DEBUG=1",
					"$(inherited)",
				);
				INFOPLIST_FILE = "TtimeTests/TtimeTests-Info.plist";
				PRODUCT_NAME = "$(TARGET_NAME)";
				TEST_HOST = "$(BUNDLE_LOADER)";
				WRAPPER_EXTENSION = xctest;
			};
			name = Debug;
		};
		B88A620417B02B430087A69B /* Release */ = {
			isa = XCBuildConfiguration;
			buildSettings = {
				BUNDLE_LOADER = "$(BUILT_PRODUCTS_DIR)/Ttime.app/Ttime";
				FRAMEWORK_SEARCH_PATHS = (
					"$(SDKROOT)/Developer/Library/Frameworks",
					"$(inherited)",
					"$(DEVELOPER_FRAMEWORKS_DIR)",
				);
				GCC_PRECOMPILE_PREFIX_HEADER = YES;
				GCC_PREFIX_HEADER = "Ttime/Ttime-Prefix.pch";
				INFOPLIST_FILE = "TtimeTests/TtimeTests-Info.plist";
				PRODUCT_NAME = "$(TARGET_NAME)";
				TEST_HOST = "$(BUNDLE_LOADER)";
				WRAPPER_EXTENSION = xctest;
			};
			name = Release;
		};
/* End XCBuildConfiguration section */

/* Begin XCConfigurationList section */
		B88A61C817B02B430087A69B /* Build configuration list for PBXProject "Ttime" */ = {
			isa = XCConfigurationList;
			buildConfigurations = (
				B88A61FD17B02B430087A69B /* Debug */,
				B88A61FE17B02B430087A69B /* Release */,
			);
			defaultConfigurationIsVisible = 0;
			defaultConfigurationName = Release;
		};
		B88A61FF17B02B430087A69B /* Build configuration list for PBXNativeTarget "Ttime" */ = {
			isa = XCConfigurationList;
			buildConfigurations = (
				B88A620017B02B430087A69B /* Debug */,
				B88A620117B02B430087A69B /* Release */,
			);
			defaultConfigurationIsVisible = 0;
			defaultConfigurationName = Release;
		};
		B88A620217B02B430087A69B /* Build configuration list for PBXNativeTarget "TtimeTests" */ = {
			isa = XCConfigurationList;
			buildConfigurations = (
				B88A620317B02B430087A69B /* Debug */,
				B88A620417B02B430087A69B /* Release */,
			);
			defaultConfigurationIsVisible = 0;
			defaultConfigurationName = Release;
		};
/* End XCConfigurationList section */
	};
	rootObject = B88A61C517B02B430087A69B /* Project object */;
}
